PODS:
  - KFXLog (2.0.1)
  - KFXLogUI (0.2.0):
    - KFXLog

DEPENDENCIES:
  - KFXLog
  - KFXLogUI (from `../`)

SPEC REPOS:
  trunk:
    - KFXLog

EXTERNAL SOURCES:
  KFXLogUI:
    :path: "../"

SPEC CHECKSUMS:
  KFXLog: 90ec34b40b199d9e4c56d6e5ae89655e0756b250
  KFXLogUI: a4f61d209c9281a7f5569495984f66442d34d2db

PODFILE CHECKSUM: 94195e81e15eb0dc4c38aba3b5c70d8e2163d89c

COCOAPODS: 1.10.1
